
Microsoft Visual Studio Solution File, Format Version 12.00
# Visual Studio Version 17
VisualStudioVersion = 17.13.35828.75 d17.13
MinimumVisualStudioVersion = 10.0.40219.1
Project("{FAE04EC0-301F-11D3-BF4B-00C04F79EFBC}") = "RoomManagementAPI", "RoomManagementAPI.csproj", "{AFE88E7F-0590-411E-A2B1-027B4612BCE8}"
EndProject
Global
	GlobalSection(SolutionConfigurationPlatforms) = preSolution
		Debug|Any CPU = Debug|Any CPU
		Release|Any CPU = Release|Any CPU
	EndGlobalSection
	GlobalSection(ProjectConfigurationPlatforms) = postSolution
		{AFE88E7F-0590-411E-A2B1-027B4612BCE8}.Debug|Any CPU.ActiveCfg = Debug|Any CPU
		{AFE88E7F-0590-411E-A2B1-027B4612BCE8}.Debug|Any CPU.Build.0 = Debug|Any CPU
		{AFE88E7F-0590-411E-A2B1-027B4612BCE8}.Release|Any CPU.ActiveCfg = Release|Any CPU
		{AFE88E7F-0590-411E-A2B1-027B4612BCE8}.Release|Any CPU.Build.0 = Release|Any CPU
	EndGlobalSection
	GlobalSection(SolutionProperties) = preSolution
		HideSolutionNode = FALSE
	EndGlobalSection
	GlobalSection(ExtensibilityGlobals) = postSolution
		SolutionGuid = {248C3125-6887-4EE4-99E0-6E5729E06447}
	EndGlobalSection
EndGlobal
