
Microsoft Visual Studio Solution File, Format Version 12.00
# Visual Studio Version 17
VisualStudioVersion = 17.13.35828.75 d17.13
MinimumVisualStudioVersion = 10.0.40219.1
Project("{FAE04EC0-301F-11D3-BF4B-00C04F79EFBC}") = "RoomManagementConsoleInterface", "RoomManagementConsoleInterface.csproj", "{80A22BB4-42D5-4EDF-A2C6-AD2D4CEE9110}"
EndProject
Global
	GlobalSection(SolutionConfigurationPlatforms) = preSolution
		Debug|Any CPU = Debug|Any CPU
		Release|Any CPU = Release|Any CPU
	EndGlobalSection
	GlobalSection(ProjectConfigurationPlatforms) = postSolution
		{80A22BB4-42D5-4EDF-A2C6-AD2D4CEE9110}.Debug|Any CPU.ActiveCfg = Debug|Any CPU
		{80A22BB4-42D5-4EDF-A2C6-AD2D4CEE9110}.Debug|Any CPU.Build.0 = Debug|Any CPU
		{80A22BB4-42D5-4EDF-A2C6-AD2D4CEE9110}.Release|Any CPU.ActiveCfg = Release|Any CPU
		{80A22BB4-42D5-4EDF-A2C6-AD2D4CEE9110}.Release|Any CPU.Build.0 = Release|Any CPU
	EndGlobalSection
	GlobalSection(SolutionProperties) = preSolution
		HideSolutionNode = FALSE
	EndGlobalSection
	GlobalSection(ExtensibilityGlobals) = postSolution
		SolutionGuid = {5A8B07E7-8724-437B-911A-E5DC80ADFBE8}
	EndGlobalSection
EndGlobal
